
Microsoft Visual Studio Solution File, Format Version 12.00
# Visual Studio 15
VisualStudioVersion = 15.0.27428.2011
MinimumVisualStudioVersion = 10.0.40219.1
Project("{FAE04EC0-301F-11D3-BF4B-00C04F79EFBC}") = "DGIM", "DGIM\DGIM.csproj", "{180E6313-EB2A-420B-9CD8-C4382C2B9EA5}"
EndProject
Global
	GlobalSection(SolutionConfigurationPlatforms) = preSolution
		Debug|Any CPU = Debug|Any CPU
		Release|Any CPU = Release|Any CPU
	EndGlobalSection
	GlobalSection(ProjectConfigurationPlatforms) = postSolution
		{180E6313-EB2A-420B-9CD8-C4382C2B9EA5}.Debug|Any CPU.ActiveCfg = Debug|Any CPU
		{180E6313-EB2A-420B-9CD8-C4382C2B9EA5}.Debug|Any CPU.Build.0 = Debug|Any CPU
		{180E6313-EB2A-420B-9CD8-C4382C2B9EA5}.Release|Any CPU.ActiveCfg = Release|Any CPU
		{180E6313-EB2A-420B-9CD8-C4382C2B9EA5}.Release|Any CPU.Build.0 = Release|Any CPU
	EndGlobalSection
	GlobalSection(SolutionProperties) = preSolution
		HideSolutionNode = FALSE
	EndGlobalSection
	GlobalSection(ExtensibilityGlobals) = postSolution
		SolutionGuid = {7462D0F5-D8F3-4AB5-8ED3-571EA5C5B019}
	EndGlobalSection
EndGlobal
